// !$*UTF8*$!
{
	archiveVersion = 1;
	classes = {
	};
	objectVersion = 55;
	objects = {

/* Begin PBXBuildFile section */
		D22043B22A3CE86D007E0D46 /* AppDelegate.swift in Sources */ = {isa = PBXBuildFile; fileRef = D22043B12A3CE86D007E0D46 /* AppDelegate.swift */; };
		D22043B42A3CE86D007E0D46 /* SceneDelegate.swift in Sources */ = {isa = PBXBuildFile; fileRef = D22043B32A3CE86D007E0D46 /* SceneDelegate.swift */; };
		D22043B62A3CE86D007E0D46 /* ViewController.swift in Sources */ = {isa = PBXBuildFile; fileRef = D22043B52A3CE86D007E0D46 /* ViewController.swift */; };
		D22043B92A3CE86D007E0D46 /* Main.storyboard in Resources */ = {isa = PBXBuildFile; fileRef = D22043B72A3CE86D007E0D46 /* Main.storyboard */; };
		D22043BB2A3CE86E007E0D46 /* Assets.xcassets in Resources */ = {isa = PBXBuildFile; fileRef = D22043BA2A3CE86E007E0D46 /* Assets.xcassets */; };
		D22043BE2A3CE86E007E0D46 /* LaunchScreen.storyboard in Resources */ = {isa = PBXBuildFile; fileRef = D22043BC2A3CE86E007E0D46 /* LaunchScreen.storyboard */; };
		D22043C92A3CE86F007E0D46 /* Final_Project_32342Tests.swift in Sources */ = {isa = PBXBuildFile; fileRef = D22043C82A3CE86F007E0D46 /* Final_Project_32342Tests.swift */; };
		D22043D32A3CE86F007E0D46 /* Final_Project_32342UITests.swift in Sources */ = {isa = PBXBuildFile; fileRef = D22043D22A3CE86F007E0D46 /* Final_Project_32342UITests.swift */; };
		D22043D52A3CE86F007E0D46 /* Final_Project_32342UITestsLaunchTests.swift in Sources */ = {isa = PBXBuildFile; fileRef = D22043D42A3CE86F007E0D46 /* Final_Project_32342UITestsLaunchTests.swift */; };
/* End PBXBuildFile section */

/* Begin PBXContainerItemProxy section */
		D22043C52A3CE86F007E0D46 /* PBXContainerItemProxy */ = {
			isa = PBXContainerItemProxy;
			containerPortal = D22043A62A3CE86D007E0D46 /* Project object */;
			proxyType = 1;
			remoteGlobalIDString = D22043AD2A3CE86D007E0D46;
			remoteInfo = "Final Project 32342";
		};
		D22043CF2A3CE86F007E0D46 /* PBXContainerItemProxy */ = {
			isa = PBXContainerItemProxy;
			containerPortal = D22043A62A3CE86D007E0D46 /* Project object */;
			proxyType = 1;
			remoteGlobalIDString = D22043AD2A3CE86D007E0D46;
			remoteInfo = "Final Project 32342";
		};
/* End PBXContainerItemProxy section */

/* Begin PBXFileReference section */
		D22043AE2A3CE86D007E0D46 /* Final Project 32342.app */ = {isa = PBXFileReference; explicitFileType = wrapper.application; includeInIndex = 0; path = "Final Project 32342.app"; sourceTree = BUILT_PRODUCTS_DIR; };
		D22043B12A3CE86D007E0D46 /* AppDelegate.swift */ = {isa = PBXFileReference; lastKnownFileType = sourcecode.swift; path = AppDelegate.swift; sourceTree = "<group>"; };
		D22043B32A3CE86D007E0D46 /* SceneDelegate.swift */ = {isa = PBXFileReference; lastKnownFileType = sourcecode.swift; path = SceneDelegate.swift; sourceTree = "<group>"; };
		D22043B52A3CE86D007E0D46 /* ViewController.swift */ = {isa = PBXFileReference; lastKnownFileType = sourcecode.swift; path = ViewController.swift; sourceTree = "<group>"; };
		D22043B82A3CE86D007E0D46 /* Base */ = {isa = PBXFileReference; lastKnownFileType = file.storyboard; name = Base; path = Base.lproj/Main.storyboard; sourceTree = "<group>"; };
		D22043BA2A3CE86E007E0D46 /* Assets.xcassets */ = {isa = PBXFileReference; lastKnownFileType = folder.assetcatalog; path = Assets.xcassets; sourceTree = "<group>"; };
		D22043BD2A3CE86E007E0D46 /* Base */ = {isa = PBXFileReference; lastKnownFileType = file.storyboard; name = Base; path = Base.lproj/LaunchScreen.storyboard; sourceTree = "<group>"; };
		D22043BF2A3CE86E007E0D46 /* Info.plist */ = {isa = PBXFileReference; lastKnownFileType = text.plist.xml; path = Info.plist; sourceTree = "<group>"; };
		D22043C42A3CE86F007E0D46 /* Final Project 32342Tests.xctest */ = {isa = PBXFileReference; explicitFileType = wrapper.cfbundle; includeInIndex = 0; path = "Final Project 32342Tests.xctest"; sourceTree = BUILT_PRODUCTS_DIR; };
		D22043C82A3CE86F007E0D46 /* Final_Project_32342Tests.swift */ = {isa = PBXFileReference; lastKnownFileType = sourcecode.swift; path = Final_Project_32342Tests.swift; sourceTree = "<group>"; };
		D22043CE2A3CE86F007E0D46 /* Final Project 32342UITests.xctest */ = {isa = PBXFileReference; explicitFileType = wrapper.cfbundle; includeInIndex = 0; path = "Final Project 32342UITests.xctest"; sourceTree = BUILT_PRODUCTS_DIR; };
		D22043D22A3CE86F007E0D46 /* Final_Project_32342UITests.swift */ = {isa = PBXFileReference; lastKnownFileType = sourcecode.swift; path = Final_Project_32342UITests.swift; sourceTree = "<group>"; };
		D22043D42A3CE86F007E0D46 /* Final_Project_32342UITestsLaunchTests.swift */ = {isa = PBXFileReference; lastKnownFileType = sourcecode.swift; path = Final_Project_32342UITestsLaunchTests.swift; sourceTree = "<group>"; };
/* End PBXFileReference section */

/* Begin PBXFrameworksBuildPhase section */
		D22043AB2A3CE86D007E0D46 /* Frameworks */ = {
			isa = PBXFrameworksBuildPhase;
			buildActionMask = 2147483647;
			files = (
			);
			runOnlyForDeploymentPostprocessing = 0;
		};
		D22043C12A3CE86F007E0D46 /* Frameworks */ = {
			isa = PBXFrameworksBuildPhase;
			buildActionMask = 2147483647;
			files = (
			);
			runOnlyForDeploymentPostprocessing = 0;
		};
		D22043CB2A3CE86F007E0D46 /* Frameworks */ = {
			isa = PBXFrameworksBuildPhase;
			buildActionMask = 2147483647;
			files = (
			);
			runOnlyForDeploymentPostprocessing = 0;
		};
/* End PBXFrameworksBuildPhase section */

/* Begin PBXGroup section */
		D22043A52A3CE86D007E0D46 = {
			isa = PBXGroup;
			children = (
				D22043B02A3CE86D007E0D46 /* Final Project 32342 */,
				D22043C72A3CE86F007E0D46 /* Final Project 32342Tests */,
				D22043D12A3CE86F007E0D46 /* Final Project 32342UITests */,
				D22043AF2A3CE86D007E0D46 /* Products */,
			);
			sourceTree = "<group>";
		};
		D22043AF2A3CE86D007E0D46 /* Products */ = {
			isa = PBXGroup;
			children = (
				D22043AE2A3CE86D007E0D46 /* Final Project 32342.app */,
				D22043C42A3CE86F007E0D46 /* Final Project 32342Tests.xctest */,
				D22043CE2A3CE86F007E0D46 /* Final Project 32342UITests.xctest */,
			);
			name = Products;
			sourceTree = "<group>";
		};
		D22043B02A3CE86D007E0D46 /* Final Project 32342 */ = {
			isa = PBXGroup;
			children = (
				D22043B12A3CE86D007E0D46 /* AppDelegate.swift */,
				D22043B32A3CE86D007E0D46 /* SceneDelegate.swift */,
				D22043B52A3CE86D007E0D46 /* ViewController.swift */,
				D22043B72A3CE86D007E0D46 /* Main.storyboard */,
				D22043BA2A3CE86E007E0D46 /* Assets.xcassets */,
				D22043BC2A3CE86E007E0D46 /* LaunchScreen.storyboard */,
				D22043BF2A3CE86E007E0D46 /* Info.plist */,
			);
			path = "Final Project 32342";
			sourceTree = "<group>";
		};
		D22043C72A3CE86F007E0D46 /* Final Project 32342Tests */ = {
			isa = PBXGroup;
			children = (
				D22043C82A3CE86F007E0D46 /* Final_Project_32342Tests.swift */,
			);
			path = "Final Project 32342Tests";
			sourceTree = "<group>";
		};
		D22043D12A3CE86F007E0D46 /* Final Project 32342UITests */ = {
			isa = PBXGroup;
			children = (
				D22043D22A3CE86F007E0D46 /* Final_Project_32342UITests.swift */,
				D22043D42A3CE86F007E0D46 /* Final_Project_32342UITestsLaunchTests.swift */,
			);
			path = "Final Project 32342UITests";
			sourceTree = "<group>";
		};
/* End PBXGroup section */

/* Begin PBXNativeTarget section */
		D22043AD2A3CE86D007E0D46 /* Final Project 32342 */ = {
			isa = PBXNativeTarget;
			buildConfigurationList = D22043D82A3CE86F007E0D46 /* Build configuration list for PBXNativeTarget "Final Project 32342" */;
			buildPhases = (
				D22043AA2A3CE86D007E0D46 /* Sources */,
				D22043AB2A3CE86D007E0D46 /* Frameworks */,
				D22043AC2A3CE86D007E0D46 /* Resources */,
			);
			buildRules = (
			);
			dependencies = (
			);
			name = "Final Project 32342";
			productName = "Final Project 32342";
			productReference = D22043AE2A3CE86D007E0D46 /* Final Project 32342.app */;
			productType = "com.apple.product-type.application";
		};
		D22043C32A3CE86F007E0D46 /* Final Project 32342Tests */ = {
			isa = PBXNativeTarget;
			buildConfigurationList = D22043DB2A3CE86F007E0D46 /* Build configuration list for PBXNativeTarget "Final Project 32342Tests" */;
			buildPhases = (
				D22043C02A3CE86F007E0D46 /* Sources */,
				D22043C12A3CE86F007E0D46 /* Frameworks */,
				D22043C22A3CE86F007E0D46 /* Resources */,
			);
			buildRules = (
			);
			dependencies = (
				D22043C62A3CE86F007E0D46 /* PBXTargetDependency */,
			);
			name = "Final Project 32342Tests";
			productName = "Final Project 32342Tests";
			productReference = D22043C42A3CE86F007E0D46 /* Final Project 32342Tests.xctest */;
			productType = "com.apple.product-type.bundle.unit-test";
		};
		D22043CD2A3CE86F007E0D46 /* Final Project 32342UITests */ = {
			isa = PBXNativeTarget;
			buildConfigurationList = D22043DE2A3CE86F007E0D46 /* Build configuration list for PBXNativeTarget "Final Project 32342UITests" */;
			buildPhases = (
				D22043CA2A3CE86F007E0D46 /* Sources */,
				D22043CB2A3CE86F007E0D46 /* Frameworks */,
				D22043CC2A3CE86F007E0D46 /* Resources */,
			);
			buildRules = (
			);
			dependencies = (
				D22043D02A3CE86F007E0D46 /* PBXTargetDependency */,
			);
			name = "Final Project 32342UITests";
			productName = "Final Project 32342UITests";
			productReference = D22043CE2A3CE86F007E0D46 /* Final Project 32342UITests.xctest */;
			productType = "com.apple.product-type.bundle.ui-testing";
		};
/* End PBXNativeTarget section */

/* Begin PBXProject section */
		D22043A62A3CE86D007E0D46 /* Project object */ = {
			isa = PBXProject;
			attributes = {
				BuildIndependentTargetsInParallel = 1;
				LastSwiftUpdateCheck = 1340;
				LastUpgradeCheck = 1340;
				TargetAttributes = {
					D22043AD2A3CE86D007E0D46 = {
						CreatedOnToolsVersion = 13.4.1;
					};
					D22043C32A3CE86F007E0D46 = {
						CreatedOnToolsVersion = 13.4.1;
						TestTargetID = D22043AD2A3CE86D007E0D46;
					};
					D22043CD2A3CE86F007E0D46 = {
						CreatedOnToolsVersion = 13.4.1;
						TestTargetID = D22043AD2A3CE86D007E0D46;
					};
				};
			};
			buildConfigurationList = D22043A92A3CE86D007E0D46 /* Build configuration list for PBXProject "Final Project 32342" */;
			compatibilityVersion = "Xcode 13.0";
			developmentRegion = en;
			hasScannedForEncodings = 0;
			knownRegions = (
				en,
				Base,
			);
			mainGroup = D22043A52A3CE86D007E0D46;
			productRefGroup = D22043AF2A3CE86D007E0D46 /* Products */;
			projectDirPath = "";
			projectRoot = "";
			targets = (
				D22043AD2A3CE86D007E0D46 /* Final Project 32342 */,
				D22043C32A3CE86F007E0D46 /* Final Project 32342Tests */,
				D22043CD2A3CE86F007E0D46 /* Final Project 32342UITests */,
			);
		};
/* End PBXProject section */

/* Begin PBXResourcesBuildPhase section */
		D22043AC2A3CE86D007E0D46 /* Resources */ = {
			isa = PBXResourcesBuildPhase;
			buildActionMask = 2147483647;
			files = (
				D22043BE2A3CE86E007E0D46 /* LaunchScreen.storyboard in Resources */,
				D22043BB2A3CE86E007E0D46 /* Assets.xcassets in Resources */,
				D22043B92A3CE86D007E0D46 /* Main.storyboard in Resources */,
			);
			runOnlyForDeploymentPostprocessing = 0;
		};
		D22043C22A3CE86F007E0D46 /* Resources */ = {
			isa = PBXResourcesBuildPhase;
			buildActionMask = 2147483647;
			files = (
			);
			runOnlyForDeploymentPostprocessing = 0;
		};
		D22043CC2A3CE86F007E0D46 /* Resources */ = {
			isa = PBXResourcesBuildPhase;
			buildActionMask = 2147483647;
			files = (
			);
			runOnlyForDeploymentPostprocessing = 0;
		};
/* End PBXResourcesBuildPhase section */

/* Begin PBXSourcesBuildPhase section */
		D22043AA2A3CE86D007E0D46 /* Sources */ = {
			isa = PBXSourcesBuildPhase;
			buildActionMask = 2147483647;
			files = (
				D22043B62A3CE86D007E0D46 /* ViewController.swift in Sources */,
				D22043B22A3CE86D007E0D46 /* AppDelegate.swift in Sources */,
				D22043B42A3CE86D007E0D46 /* SceneDelegate.swift in Sources */,
			);
			runOnlyForDeploymentPostprocessing = 0;
		};
		D22043C02A3CE86F007E0D46 /* Sources */ = {
			isa = PBXSourcesBuildPhase;
			buildActionMask = 2147483647;
			files = (
				D22043C92A3CE86F007E0D46 /* Final_Project_32342Tests.swift in Sources */,
			);
			runOnlyForDeploymentPostprocessing = 0;
		};
		D22043CA2A3CE86F007E0D46 /* Sources */ = {
			isa = PBXSourcesBuildPhase;
			buildActionMask = 2147483647;
			files = (
				D22043D52A3CE86F007E0D46 /* Final_Project_32342UITestsLaunchTests.swift in Sources */,
				D22043D32A3CE86F007E0D46 /* Final_Project_32342UITests.swift in Sources */,
			);
			runOnlyForDeploymentPostprocessing = 0;
		};
/* End PBXSourcesBuildPhase section */

/* Begin PBXTargetDependency section */
		D22043C62A3CE86F007E0D46 /* PBXTargetDependency */ = {
			isa = PBXTargetDependency;
			target = D22043AD2A3CE86D007E0D46 /* Final Project 32342 */;
			targetProxy = D22043C52A3CE86F007E0D46 /* PBXContainerItemProxy */;
		};
		D22043D02A3CE86F007E0D46 /* PBXTargetDependency */ = {
			isa = PBXTargetDependency;
			target = D22043AD2A3CE86D007E0D46 /* Final Project 32342 */;
			targetProxy = D22043CF2A3CE86F007E0D46 /* PBXContainerItemProxy */;
		};
/* End PBXTargetDependency section */

/* Begin PBXVariantGroup section */
		D22043B72A3CE86D007E0D46 /* Main.storyboard */ = {
			isa = PBXVariantGroup;
			children = (
				D22043B82A3CE86D007E0D46 /* Base */,
			);
			name = Main.storyboard;
			sourceTree = "<group>";
		};
		D22043BC2A3CE86E007E0D46 /* LaunchScreen.storyboard */ = {
			isa = PBXVariantGroup;
			children = (
				D22043BD2A3CE86E007E0D46 /* Base */,
			);
			name = LaunchScreen.storyboard;
			sourceTree = "<group>";
		};
/* End PBXVariantGroup section */

/* Begin XCBuildConfiguration section */
		D22043D62A3CE86F007E0D46 /* Debug */ = {
			isa = XCBuildConfiguration;
			buildSettings = {
				ALWAYS_SEARCH_USER_PATHS = NO;
				CLANG_ANALYZER_NONNULL = YES;
				CLANG_ANALYZER_NUMBER_OBJECT_CONVERSION = YES_AGGRESSIVE;
				CLANG_CXX_LANGUAGE_STANDARD = "gnu++17";
				CLANG_ENABLE_MODULES = YES;
				CLANG_ENABLE_OBJC_ARC = YES;
				CLANG_ENABLE_OBJC_WEAK = YES;
				CLANG_WARN_BLOCK_CAPTURE_AUTORELEASING = YES;
				CLANG_WARN_BOOL_CONVERSION = YES;
				CLANG_WARN_COMMA = YES;
				CLANG_WARN_CONSTANT_CONVERSION = YES;
				CLANG_WARN_DEPRECATED_OBJC_IMPLEMENTATIONS = YES;
				CLANG_WARN_DIRECT_OBJC_ISA_USAGE = YES_ERROR;
				CLANG_WARN_DOCUMENTATION_COMMENTS = YES;
				CLANG_WARN_EMPTY_BODY = YES;
				CLANG_WARN_ENUM_CONVERSION = YES;
				CLANG_WARN_INFINITE_RECURSION = YES;
				CLANG_WARN_INT_CONVERSION = YES;
				CLANG_WARN_NON_LITERAL_NULL_CONVERSION = YES;
				CLANG_WARN_OBJC_IMPLICIT_RETAIN_SELF = YES;
				CLANG_WARN_OBJC_LITERAL_CONVERSION = YES;
				CLANG_WARN_OBJC_ROOT_CLASS = YES_ERROR;
				CLANG_WARN_QUOTED_INCLUDE_IN_FRAMEWORK_HEADER = YES;
				CLANG_WARN_RANGE_LOOP_ANALYSIS = YES;
				CLANG_WARN_STRICT_PROTOTYPES = YES;
				CLANG_WARN_SUSPICIOUS_MOVE = YES;
				CLANG_WARN_UNGUARDED_AVAILABILITY = YES_AGGRESSIVE;
				CLANG_WARN_UNREACHABLE_CODE = YES;
				CLANG_WARN__DUPLICATE_METHOD_MATCH = YES;
				COPY_PHASE_STRIP = NO;
				DEBUG_INFORMATION_FORMAT = dwarf;
				ENABLE_STRICT_OBJC_MSGSEND = YES;
				ENABLE_TESTABILITY = YES;
				GCC_C_LANGUAGE_STANDARD = gnu11;
				GCC_DYNAMIC_NO_PIC = NO;
				GCC_NO_COMMON_BLOCKS = YES;
				GCC_OPTIMIZATION_LEVEL = 0;
				GCC_PREPROCESSOR_DEFINITIONS = (
					"DEBUG=1",
					"$(inherited)",
				);
				GCC_WARN_64_TO_32_BIT_CONVERSION = YES;
				GCC_WARN_ABOUT_RETURN_TYPE = YES_ERROR;
				GCC_WARN_UNDECLARED_SELECTOR = YES;
				GCC_WARN_UNINITIALIZED_AUTOS = YES_AGGRESSIVE;
				GCC_WARN_UNUSED_FUNCTION = YES;
				GCC_WARN_UNUSED_VARIABLE = YES;
				IPHONEOS_DEPLOYMENT_TARGET = 15.5;
				MTL_ENABLE_DEBUG_INFO = INCLUDE_SOURCE;
				MTL_FAST_MATH = YES;
				ONLY_ACTIVE_ARCH = YES;
				SDKROOT = iphoneos;
				SWIFT_ACTIVE_COMPILATION_CONDITIONS = DEBUG;
				SWIFT_OPTIMIZATION_LEVEL = "-Onone";
			};
			name = Debug;
		};
		D22043D72A3CE86F007E0D46 /* Release */ = {
			isa = XCBuildConfiguration;
			buildSettings = {
				ALWAYS_SEARCH_USER_PATHS = NO;
				CLANG_ANALYZER_NONNULL = YES;
				CLANG_ANALYZER_NUMBER_OBJECT_CONVERSION = YES_AGGRESSIVE;
				CLANG_CXX_LANGUAGE_STANDARD = "gnu++17";
				CLANG_ENABLE_MODULES = YES;
				CLANG_ENABLE_OBJC_ARC = YES;
				CLANG_ENABLE_OBJC_WEAK = YES;
				CLANG_WARN_BLOCK_CAPTURE_AUTORELEASING = YES;
				CLANG_WARN_BOOL_CONVERSION = YES;
				CLANG_WARN_COMMA = YES;
				CLANG_WARN_CONSTANT_CONVERSION = YES;
				CLANG_WARN_DEPRECATED_OBJC_IMPLEMENTATIONS = YES;
				CLANG_WARN_DIRECT_OBJC_ISA_USAGE = YES_ERROR;
				CLANG_WARN_DOCUMENTATION_COMMENTS = YES;
				CLANG_WARN_EMPTY_BODY = YES;
				CLANG_WARN_ENUM_CONVERSION = YES;
				CLANG_WARN_INFINITE_RECURSION = YES;
				CLANG_WARN_INT_CONVERSION = YES;
				CLANG_WARN_NON_LITERAL_NULL_CONVERSION = YES;
				CLANG_WARN_OBJC_IMPLICIT_RETAIN_SELF = YES;
				CLANG_WARN_OBJC_LITERAL_CONVERSION = YES;
				CLANG_WARN_OBJC_ROOT_CLASS = YES_ERROR;
				CLANG_WARN_QUOTED_INCLUDE_IN_FRAMEWORK_HEADER = YES;
				CLANG_WARN_RANGE_LOOP_ANALYSIS = YES;
				CLANG_WARN_STRICT_PROTOTYPES = YES;
				CLANG_WARN_SUSPICIOUS_MOVE = YES;
				CLANG_WARN_UNGUARDED_AVAILABILITY = YES_AGGRESSIVE;
				CLANG_WARN_UNREACHABLE_CODE = YES;
				CLANG_WARN__DUPLICATE_METHOD_MATCH = YES;
				COPY_PHASE_STRIP = NO;
				DEBUG_INFORMATION_FORMAT = "dwarf-with-dsym";
				ENABLE_NS_ASSERTIONS = NO;
				ENABLE_STRICT_OBJC_MSGSEND = YES;
				GCC_C_LANGUAGE_STANDARD = gnu11;
				GCC_NO_COMMON_BLOCKS = YES;
				GCC_WARN_64_TO_32_BIT_CONVERSION = YES;
				GCC_WARN_ABOUT_RETURN_TYPE = YES_ERROR;
				GCC_WARN_UNDECLARED_SELECTOR = YES;
				GCC_WARN_UNINITIALIZED_AUTOS = YES_AGGRESSIVE;
				GCC_WARN_UNUSED_FUNCTION = YES;
				GCC_WARN_UNUSED_VARIABLE = YES;
				IPHONEOS_DEPLOYMENT_TARGET = 15.5;
				MTL_ENABLE_DEBUG_INFO = NO;
				MTL_FAST_MATH = YES;
				SDKROOT = iphoneos;
				SWIFT_COMPILATION_MODE = wholemodule;
				SWIFT_OPTIMIZATION_LEVEL = "-O";
				VALIDATE_PRODUCT = YES;
			};
			name = Release;
		};
		D22043D92A3CE86F007E0D46 /* Debug */ = {
			isa = XCBuildConfiguration;
			buildSettings = {
				ASSETCATALOG_COMPILER_APPICON_NAME = AppIcon;
				ASSETCATALOG_COMPILER_GLOBAL_ACCENT_COLOR_NAME = AccentColor;
				CODE_SIGN_STYLE = Automatic;
				CURRENT_PROJECT_VERSION = 1;
				GENERATE_INFOPLIST_FILE = YES;
				INFOPLIST_FILE = "Final Project 32342/Info.plist";
				INFOPLIST_KEY_UIApplicationSupportsIndirectInputEvents = YES;
				INFOPLIST_KEY_UILaunchStoryboardName = LaunchScreen;
				INFOPLIST_KEY_UIMainStoryboardFile = Main;
				INFOPLIST_KEY_UISupportedInterfaceOrientations_iPad = "UIInterfaceOrientationPortrait UIInterfaceOrientationPortraitUpsideDown UIInterfaceOrientationLandscapeLeft UIInterfaceOrientationLandscapeRight";
				INFOPLIST_KEY_UISupportedInterfaceOrientations_iPhone = "UIInterfaceOrientationPortrait UIInterfaceOrientationLandscapeLeft UIInterfaceOrientationLandscapeRight";
				LD_RUNPATH_SEARCH_PATHS = (
					"$(inherited)",
					"@executable_path/Frameworks",
				);
				MARKETING_VERSION = 1.0;
				PRODUCT_BUNDLE_IDENTIFIER = "noordwijk.Final-Project-32342";
				PRODUCT_NAME = "$(TARGET_NAME)";
				SWIFT_EMIT_LOC_STRINGS = YES;
				SWIFT_VERSION = 5.0;
				TARGETED_DEVICE_FAMILY = "1,2";
			};
			name = Debug;
		};
		D22043DA2A3CE86F007E0D46 /* Release */ = {
			isa = XCBuildConfiguration;
			buildSettings = {
				ASSETCATALOG_COMPILER_APPICON_NAME = AppIcon;
				ASSETCATALOG_COMPILER_GLOBAL_ACCENT_COLOR_NAME = AccentColor;
				CODE_SIGN_STYLE = Automatic;
				CURRENT_PROJECT_VERSION = 1;
				GENERATE_INFOPLIST_FILE = YES;
				INFOPLIST_FILE = "Final Project 32342/Info.plist";
				INFOPLIST_KEY_UIApplicationSupportsIndirectInputEvents = YES;
				INFOPLIST_KEY_UILaunchStoryboardName = LaunchScreen;
				INFOPLIST_KEY_UIMainStoryboardFile = Main;
				INFOPLIST_KEY_UISupportedInterfaceOrientations_iPad = "UIInterfaceOrientationPortrait UIInterfaceOrientationPortraitUpsideDown UIInterfaceOrientationLandscapeLeft UIInterfaceOrientationLandscapeRight";
				INFOPLIST_KEY_UISupportedInterfaceOrientations_iPhone = "UIInterfaceOrientationPortrait UIInterfaceOrientationLandscapeLeft UIInterfaceOrientationLandscapeRight";
				LD_RUNPATH_SEARCH_PATHS = (
					"$(inherited)",
					"@executable_path/Frameworks",
				);
				MARKETING_VERSION = 1.0;
				PRODUCT_BUNDLE_IDENTIFIER = "noordwijk.Final-Project-32342";
				PRODUCT_NAME = "$(TARGET_NAME)";
				SWIFT_EMIT_LOC_STRINGS = YES;
				SWIFT_VERSION = 5.0;
				TARGETED_DEVICE_FAMILY = "1,2";
			};
			name = Release;
		};
		D22043DC2A3CE86F007E0D46 /* Debug */ = {
			isa = XCBuildConfiguration;
			buildSettings = {
				ALWAYS_EMBED_SWIFT_STANDARD_LIBRARIES = YES;
				BUNDLE_LOADER = "$(TEST_HOST)";
				CODE_SIGN_STYLE = Automatic;
				CURRENT_PROJECT_VERSION = 1;
				GENERATE_INFOPLIST_FILE = YES;
				IPHONEOS_DEPLOYMENT_TARGET = 15.5;
				MARKETING_VERSION = 1.0;
				PRODUCT_BUNDLE_IDENTIFIER = "noordwijk.Final-Project-32342Tests";
				PRODUCT_NAME = "$(TARGET_NAME)";
				SWIFT_EMIT_LOC_STRINGS = NO;
				SWIFT_VERSION = 5.0;
				TARGETED_DEVICE_FAMILY = "1,2";
				TEST_HOST = "$(BUILT_PRODUCTS_DIR)/Final Project 32342.app/Final Project 32342";
			};
			name = Debug;
		};
		D22043DD2A3CE86F007E0D46 /* Release */ = {
			isa = XCBuildConfiguration;
			buildSettings = {
				ALWAYS_EMBED_SWIFT_STANDARD_LIBRARIES = YES;
				BUNDLE_LOADER = "$(TEST_HOST)";
				CODE_SIGN_STYLE = Automatic;
				CURRENT_PROJECT_VERSION = 1;
				GENERATE_INFOPLIST_FILE = YES;
				IPHONEOS_DEPLOYMENT_TARGET = 15.5;
				MARKETING_VERSION = 1.0;
				PRODUCT_BUNDLE_IDENTIFIER = "noordwijk.Final-Project-32342Tests";
				PRODUCT_NAME = "$(TARGET_NAME)";
				SWIFT_EMIT_LOC_STRINGS = NO;
				SWIFT_VERSION = 5.0;
				TARGETED_DEVICE_FAMILY = "1,2";
				TEST_HOST = "$(BUILT_PRODUCTS_DIR)/Final Project 32342.app/Final Project 32342";
			};
			name = Release;
		};
		D22043DF2A3CE86F007E0D46 /* Debug */ = {
			isa = XCBuildConfiguration;
			buildSettings = {
				ALWAYS_EMBED_SWIFT_STANDARD_LIBRARIES = YES;
				CODE_SIGN_STYLE = Automatic;
				CURRENT_PROJECT_VERSION = 1;
				GENERATE_INFOPLIST_FILE = YES;
				MARKETING_VERSION = 1.0;
				PRODUCT_BUNDLE_IDENTIFIER = "noordwijk.Final-Project-32342UITests";
				PRODUCT_NAME = "$(TARGET_NAME)";
				SWIFT_EMIT_LOC_STRINGS = NO;
				SWIFT_VERSION = 5.0;
				TARGETED_DEVICE_FAMILY = "1,2";
				TEST_TARGET_NAME = "Final Project 32342";
			};
			name = Debug;
		};
		D22043E02A3CE86F007E0D46 /* Release */ = {
			isa = XCBuildConfiguration;
			buildSettings = {
				ALWAYS_EMBED_SWIFT_STANDARD_LIBRARIES = YES;
				CODE_SIGN_STYLE = Automatic;
				CURRENT_PROJECT_VERSION = 1;
				GENERATE_INFOPLIST_FILE = YES;
				MARKETING_VERSION = 1.0;
				PRODUCT_BUNDLE_IDENTIFIER = "noordwijk.Final-Project-32342UITests";
				PRODUCT_NAME = "$(TARGET_NAME)";
				SWIFT_EMIT_LOC_STRINGS = NO;
				SWIFT_VERSION = 5.0;
				TARGETED_DEVICE_FAMILY = "1,2";
				TEST_TARGET_NAME = "Final Project 32342";
			};
			name = Release;
		};
/* End XCBuildConfiguration section */

/* Begin XCConfigurationList section */
		D22043A92A3CE86D007E0D46 /* Build configuration list for PBXProject "Final Project 32342" */ = {
			isa = XCConfigurationList;
			buildConfigurations = (
				D22043D62A3CE86F007E0D46 /* Debug */,
				D22043D72A3CE86F007E0D46 /* Release */,
			);
			defaultConfigurationIsVisible = 0;
			defaultConfigurationName = Release;
		};
		D22043D82A3CE86F007E0D46 /* Build configuration list for PBXNativeTarget "Final Project 32342" */ = {
			isa = XCConfigurationList;
			buildConfigurations = (
				D22043D92A3CE86F007E0D46 /* Debug */,
				D22043DA2A3CE86F007E0D46 /* Release */,
			);
			defaultConfigurationIsVisible = 0;
			defaultConfigurationName = Release;
		};
		D22043DB2A3CE86F007E0D46 /* Build configuration list for PBXNativeTarget "Final Project 32342Tests" */ = {
			isa = XCConfigurationList;
			buildConfigurations = (
				D22043DC2A3CE86F007E0D46 /* Debug */,
				D22043DD2A3CE86F007E0D46 /* Release */,
			);
			defaultConfigurationIsVisible = 0;
			defaultConfigurationName = Release;
		};
		D22043DE2A3CE86F007E0D46 /* Build configuration list for PBXNativeTarget "Final Project 32342UITests" */ = {
			isa = XCConfigurationList;
			buildConfigurations = (
				D22043DF2A3CE86F007E0D46 /* Debug */,
				D22043E02A3CE86F007E0D46 /* Release */,
			);
			defaultConfigurationIsVisible = 0;
			defaultConfigurationName = Release;
		};
/* End XCConfigurationList section */
	};
	rootObject = D22043A62A3CE86D007E0D46 /* Project object */;
}
